
Microsoft Visual Studio Solution File, Format Version 12.00
# Visual Studio 15
VisualStudioVersion = 15.0.27703.2026
MinimumVisualStudioVersion = 10.0.40219.1
Project("{FAE04EC0-301F-11D3-BF4B-00C04F79EFBC}") = "WebApp", "WebApp\WebApp.csproj", "{534F0C32-6E96-4BA0-96DF-4B3FC00F3A9B}"
EndProject
Project("{FAE04EC0-301F-11D3-BF4B-00C04F79EFBC}") = "Chinook.Data", "Chinook.Data\Chinook.Data.csproj", "{E0E70F0A-8E2E-452E-9318-775216803CA2}"
EndProject
Project("{FAE04EC0-301F-11D3-BF4B-00C04F79EFBC}") = "ChinookSystem", "ChinookSystem\ChinookSystem.csproj", "{85CEC5AA-32C4-42F4-9AB1-D30CE47298C6}"
EndProject
Global
	GlobalSection(SolutionConfigurationPlatforms) = preSolution
		Debug|Any CPU = Debug|Any CPU
		Release|Any CPU = Release|Any CPU
	EndGlobalSection
	GlobalSection(ProjectConfigurationPlatforms) = postSolution
		{534F0C32-6E96-4BA0-96DF-4B3FC00F3A9B}.Debug|Any CPU.ActiveCfg = Debug|Any CPU
		{534F0C32-6E96-4BA0-96DF-4B3FC00F3A9B}.Debug|Any CPU.Build.0 = Debug|Any CPU
		{534F0C32-6E96-4BA0-96DF-4B3FC00F3A9B}.Release|Any CPU.ActiveCfg = Release|Any CPU
		{534F0C32-6E96-4BA0-96DF-4B3FC00F3A9B}.Release|Any CPU.Build.0 = Release|Any CPU
		{E0E70F0A-8E2E-452E-9318-775216803CA2}.Debug|Any CPU.ActiveCfg = Debug|Any CPU
		{E0E70F0A-8E2E-452E-9318-775216803CA2}.Debug|Any CPU.Build.0 = Debug|Any CPU
		{E0E70F0A-8E2E-452E-9318-775216803CA2}.Release|Any CPU.ActiveCfg = Release|Any CPU
		{E0E70F0A-8E2E-452E-9318-775216803CA2}.Release|Any CPU.Build.0 = Release|Any CPU
		{85CEC5AA-32C4-42F4-9AB1-D30CE47298C6}.Debug|Any CPU.ActiveCfg = Debug|Any CPU
		{85CEC5AA-32C4-42F4-9AB1-D30CE47298C6}.Debug|Any CPU.Build.0 = Debug|Any CPU
		{85CEC5AA-32C4-42F4-9AB1-D30CE47298C6}.Release|Any CPU.ActiveCfg = Release|Any CPU
		{85CEC5AA-32C4-42F4-9AB1-D30CE47298C6}.Release|Any CPU.Build.0 = Release|Any CPU
	EndGlobalSection
	GlobalSection(SolutionProperties) = preSolution
		HideSolutionNode = FALSE
	EndGlobalSection
	GlobalSection(ExtensibilityGlobals) = postSolution
		SolutionGuid = {E8594C6B-A08E-44DB-B2D1-738DDD83B7F0}
	EndGlobalSection
EndGlobal
